name: Update uv.lock on Dependabot PR

on:
    pull_request:
        paths:
            - "pyproject.toml"

jobs:
    update:
        if: github.actor == 'dependabot[bot]'
        runs-on: ubuntu-latest

        permissions:
            contents: write

        steps:
            - name: Checkout repository
              uses: actions/checkout@3d3c42e5aac5ba805825da76410c181273ba90b1 # v7.0.1
              with:
                  ref: ${{ github.head_ref }}
                  token: ${{ secrets.GITHUB_TOKEN }}

            - name: Set up uv
              uses: astral-sh/setup-uv@ae62891fec2bb8e7d6c99fc78c9fec3a63790f8d # v10.0.0

            - name: Update lockfile
              run: uv lock

            - name: Commit updated lockfile
              run: |
                  git config user.name "github-actions"
                  git config user.email "github-actions@github.com"
                  git add uv.lock
                  git diff --cached --quiet || git commit -m "chore: update uv.lock"
                  git push
